
Microsoft Visual Studio Solution File, Format Version 12.00
# Visual Studio Version 16
VisualStudioVersion = 16.0.30225.117
MinimumVisualStudioVersion = 10.0.40219.1
Project("{FAE04EC0-301F-11D3-BF4B-00C04F79EFBC}") = "BinhTriThien", "BinhTriThienQuanLyNhanSu\BinhTriThien.csproj", "{7D1413FF-F832-420E-8882-1109F7603BEA}"
EndProject
Global
	GlobalSection(SolutionConfigurationPlatforms) = preSolution
		Debug|Any CPU = Debug|Any CPU
		Release|Any CPU = Release|Any CPU
	EndGlobalSection
	GlobalSection(ProjectConfigurationPlatforms) = postSolution
		{7D1413FF-F832-420E-8882-1109F7603BEA}.Debug|Any CPU.ActiveCfg = Debug|Any CPU
		{7D1413FF-F832-420E-8882-1109F7603BEA}.Debug|Any CPU.Build.0 = Debug|Any CPU
		{7D1413FF-F832-420E-8882-1109F7603BEA}.Release|Any CPU.ActiveCfg = Release|Any CPU
		{7D1413FF-F832-420E-8882-1109F7603BEA}.Release|Any CPU.Build.0 = Release|Any CPU
	EndGlobalSection
	GlobalSection(SolutionProperties) = preSolution
		HideSolutionNode = FALSE
	EndGlobalSection
	GlobalSection(ExtensibilityGlobals) = postSolution
		SolutionGuid = {C47D6B58-9352-431E-B3E3-880BCF7EF616}
	EndGlobalSection
EndGlobal
